// !$*UTF8*$!
{
	archiveVersion = 1;
	classes = {
	};
	objectVersion = 46;
	objects = {

/* Begin PBXBuildFile section */
		34B740EC97B6AFEE0ACEB6E2 /* libPods-ParkingOfTaiwan.a in Frameworks */ = {isa = PBXBuildFile; fileRef = 7ACCEB4823B8D1E4C74D69BB /* libPods-ParkingOfTaiwan.a */; };
		D41D11C01D13BF45005F33FF /* Background 1.png in Resources */ = {isa = PBXBuildFile; fileRef = D41D11B11D13BF45005F33FF /* Background 1.png */; };
		D41D11C11D13BF45005F33FF /* Background 2.png in Resources */ = {isa = PBXBuildFile; fileRef = D41D11B21D13BF45005F33FF /* Background 2.png */; };
		D41D11C21D13BF45005F33FF /* Background 3.png in Resources */ = {isa = PBXBuildFile; fileRef = D41D11B31D13BF45005F33FF /* Background 3.png */; };
		D41D11C31D13BF45005F33FF /* Background 4.png in Resources */ = {isa = PBXBuildFile; fileRef = D41D11B41D13BF45005F33FF /* Background 4.png */; };
		D41D11C41D13BF45005F33FF /* Background 5.png in Resources */ = {isa = PBXBuildFile; fileRef = D41D11B51D13BF45005F33FF /* Background 5.png */; };
		D41D11C51D13BF45005F33FF /* Background 6.png in Resources */ = {isa = PBXBuildFile; fileRef = D41D11B61D13BF45005F33FF /* Background 6.png */; };
		D41D11C61D13BF45005F33FF /* Background 7.png in Resources */ = {isa = PBXBuildFile; fileRef = D41D11B71D13BF45005F33FF /* Background 7.png */; };
		D41D11C71D13BF45005F33FF /* Background 8.png in Resources */ = {isa = PBXBuildFile; fileRef = D41D11B81D13BF45005F33FF /* Background 8.png */; };
		D41D11C81D13BF45005F33FF /* Background 9.png in Resources */ = {isa = PBXBuildFile; fileRef = D41D11B91D13BF45005F33FF /* Background 9.png */; };
		D41D11C91D13BF45005F33FF /* Background 10.png in Resources */ = {isa = PBXBuildFile; fileRef = D41D11BA1D13BF45005F33FF /* Background 10.png */; };
		D41D11CA1D13BF45005F33FF /* Background 11.png in Resources */ = {isa = PBXBuildFile; fileRef = D41D11BB1D13BF45005F33FF /* Background 11.png */; };
		D41D11CB1D13BF45005F33FF /* Background 12.png in Resources */ = {isa = PBXBuildFile; fileRef = D41D11BC1D13BF45005F33FF /* Background 12.png */; };
		D41D11CC1D13BF45005F33FF /* Background 13.png in Resources */ = {isa = PBXBuildFile; fileRef = D41D11BD1D13BF45005F33FF /* Background 13.png */; };
		D41D11CD1D13BF45005F33FF /* Background 14.png in Resources */ = {isa = PBXBuildFile; fileRef = D41D11BE1D13BF45005F33FF /* Background 14.png */; };
		D41D11CE1D13BF45005F33FF /* Background 15.png in Resources */ = {isa = PBXBuildFile; fileRef = D41D11BF1D13BF45005F33FF /* Background 15.png */; };
		D426A2DF1D08B00C007CF3E0 /* Reachability.m in Sources */ = {isa = PBXBuildFile; fileRef = D426A2DE1D08B00C007CF3E0 /* Reachability.m */; };
		D426A2E11D08B03F007CF3E0 /* SystemConfiguration.framework in Frameworks */ = {isa = PBXBuildFile; fileRef = D426A2E01D08B03F007CF3E0 /* SystemConfiguration.framework */; };
		D43B34DC1CF60770006F5B6B /* main.m in Sources */ = {isa = PBXBuildFile; fileRef = D43B34DB1CF60770006F5B6B /* main.m */; };
		D43B34DF1CF60770006F5B6B /* AppDelegate.m in Sources */ = {isa = PBXBuildFile; fileRef = D43B34DE1CF60770006F5B6B /* AppDelegate.m */; };
		D43B34E21CF60770006F5B6B /* ViewController.m in Sources */ = {isa = PBXBuildFile; fileRef = D43B34E11CF60770006F5B6B /* ViewController.m */; };
		D43B34E51CF60770006F5B6B /* Main.storyboard in Resources */ = {isa = PBXBuildFile; fileRef = D43B34E31CF60770006F5B6B /* Main.storyboard */; };
		D43B34E71CF60770006F5B6B /* Assets.xcassets in Resources */ = {isa = PBXBuildFile; fileRef = D43B34E61CF60770006F5B6B /* Assets.xcassets */; };
		D43B34EA1CF60770006F5B6B /* LaunchScreen.storyboard in Resources */ = {isa = PBXBuildFile; fileRef = D43B34E81CF60770006F5B6B /* LaunchScreen.storyboard */; };
		D43B34F21CF60789006F5B6B /* CoreLocation.framework in Frameworks */ = {isa = PBXBuildFile; fileRef = D43B34F11CF60789006F5B6B /* CoreLocation.framework */; };
		D43B34F41CF6078F006F5B6B /* MapKit.framework in Frameworks */ = {isa = PBXBuildFile; fileRef = D43B34F31CF6078F006F5B6B /* MapKit.framework */; };
		D471AEC31D12FA65007FFB51 /* AdSupport.framework in Frameworks */ = {isa = PBXBuildFile; fileRef = D471AEC21D12FA65007FFB51 /* AdSupport.framework */; };
		D4891A191D01C5AA00A51925 /* MyTableViewController.m in Sources */ = {isa = PBXBuildFile; fileRef = D4891A181D01C5AA00A51925 /* MyTableViewController.m */; };
		D4891A1C1D01C6C100A51925 /* MyTableViewCell.m in Sources */ = {isa = PBXBuildFile; fileRef = D4891A1B1D01C6C100A51925 /* MyTableViewCell.m */; };
/* End PBXBuildFile section */

/* Begin PBXFileReference section */
		16E6A3CB02CE8366CB3469C7 /* Pods-ParkingOfTaiwan.debug.xcconfig */ = {isa = PBXFileReference; includeInIndex = 1; lastKnownFileType = text.xcconfig; name = "Pods-ParkingOfTaiwan.debug.xcconfig"; path = "Pods/Target Support Files/Pods-ParkingOfTaiwan/Pods-ParkingOfTaiwan.debug.xcconfig"; sourceTree = "<group>"; };
		7ACCEB4823B8D1E4C74D69BB /* libPods-ParkingOfTaiwan.a */ = {isa = PBXFileReference; explicitFileType = archive.ar; includeInIndex = 0; path = "libPods-ParkingOfTaiwan.a"; sourceTree = BUILT_PRODUCTS_DIR; };
		C5CA0E2F477B96CEC852D2A0 /* Pods-ParkingOfTaiwan.release.xcconfig */ = {isa = PBXFileReference; includeInIndex = 1; lastKnownFileType = text.xcconfig; name = "Pods-ParkingOfTaiwan.release.xcconfig"; path = "Pods/Target Support Files/Pods-ParkingOfTaiwan/Pods-ParkingOfTaiwan.release.xcconfig"; sourceTree = "<group>"; };
		D41D11B11D13BF45005F33FF /* Background 1.png */ = {isa = PBXFileReference; lastKnownFileType = image.png; path = "Background 1.png"; sourceTree = "<group>"; };
		D41D11B21D13BF45005F33FF /* Background 2.png */ = {isa = PBXFileReference; lastKnownFileType = image.png; path = "Background 2.png"; sourceTree = "<group>"; };
		D41D11B31D13BF45005F33FF /* Background 3.png */ = {isa = PBXFileReference; lastKnownFileType = image.png; path = "Background 3.png"; sourceTree = "<group>"; };
		D41D11B41D13BF45005F33FF /* Background 4.png */ = {isa = PBXFileReference; lastKnownFileType = image.png; path = "Background 4.png"; sourceTree = "<group>"; };
		D41D11B51D13BF45005F33FF /* Background 5.png */ = {isa = PBXFileReference; lastKnownFileType = image.png; path = "Background 5.png"; sourceTree = "<group>"; };
		D41D11B61D13BF45005F33FF /* Background 6.png */ = {isa = PBXFileReference; lastKnownFileType = image.png; path = "Background 6.png"; sourceTree = "<group>"; };
		D41D11B71D13BF45005F33FF /* Background 7.png */ = {isa = PBXFileReference; lastKnownFileType = image.png; path = "Background 7.png"; sourceTree = "<group>"; };
		D41D11B81D13BF45005F33FF /* Background 8.png */ = {isa = PBXFileReference; lastKnownFileType = image.png; path = "Background 8.png"; sourceTree = "<group>"; };
		D41D11B91D13BF45005F33FF /* Background 9.png */ = {isa = PBXFileReference; lastKnownFileType = image.png; path = "Background 9.png"; sourceTree = "<group>"; };
		D41D11BA1D13BF45005F33FF /* Background 10.png */ = {isa = PBXFileReference; lastKnownFileType = image.png; path = "Background 10.png"; sourceTree = "<group>"; };
		D41D11BB1D13BF45005F33FF /* Background 11.png */ = {isa = PBXFileReference; lastKnownFileType = image.png; path = "Background 11.png"; sourceTree = "<group>"; };
		D41D11BC1D13BF45005F33FF /* Background 12.png */ = {isa = PBXFileReference; lastKnownFileType = image.png; path = "Background 12.png"; sourceTree = "<group>"; };
		D41D11BD1D13BF45005F33FF /* Background 13.png */ = {isa = PBXFileReference; lastKnownFileType = image.png; path = "Background 13.png"; sourceTree = "<group>"; };
		D41D11BE1D13BF45005F33FF /* Background 14.png */ = {isa = PBXFileReference; lastKnownFileType = image.png; path = "Background 14.png"; sourceTree = "<group>"; };
		D41D11BF1D13BF45005F33FF /* Background 15.png */ = {isa = PBXFileReference; lastKnownFileType = image.png; path = "Background 15.png"; sourceTree = "<group>"; };
		D426A2DD1D08B00C007CF3E0 /* Reachability.h */ = {isa = PBXFileReference; fileEncoding = 4; lastKnownFileType = sourcecode.c.h; path = Reachability.h; sourceTree = "<group>"; };
		D426A2DE1D08B00C007CF3E0 /* Reachability.m */ = {isa = PBXFileReference; fileEncoding = 4; lastKnownFileType = sourcecode.c.objc; path = Reachability.m; sourceTree = "<group>"; };
		D426A2E01D08B03F007CF3E0 /* SystemConfiguration.framework */ = {isa = PBXFileReference; lastKnownFileType = wrapper.framework; name = SystemConfiguration.framework; path = System/Library/Frameworks/SystemConfiguration.framework; sourceTree = SDKROOT; };
		D43B34D71CF60770006F5B6B /* ParkingOfTaiwan.app */ = {isa = PBXFileReference; explicitFileType = wrapper.application; includeInIndex = 0; path = ParkingOfTaiwan.app; sourceTree = BUILT_PRODUCTS_DIR; };
		D43B34DB1CF60770006F5B6B /* main.m */ = {isa = PBXFileReference; lastKnownFileType = sourcecode.c.objc; path = main.m; sourceTree = "<group>"; };
		D43B34DD1CF60770006F5B6B /* AppDelegate.h */ = {isa = PBXFileReference; lastKnownFileType = sourcecode.c.h; path = AppDelegate.h; sourceTree = "<group>"; };
		D43B34DE1CF60770006F5B6B /* AppDelegate.m */ = {isa = PBXFileReference; lastKnownFileType = sourcecode.c.objc; path = AppDelegate.m; sourceTree = "<group>"; };
		D43B34E01CF60770006F5B6B /* ViewController.h */ = {isa = PBXFileReference; lastKnownFileType = sourcecode.c.h; path = ViewController.h; sourceTree = "<group>"; };
		D43B34E11CF60770006F5B6B /* ViewController.m */ = {isa = PBXFileReference; lastKnownFileType = sourcecode.c.objc; path = ViewController.m; sourceTree = "<group>"; };
		D43B34E41CF60770006F5B6B /* Base */ = {isa = PBXFileReference; lastKnownFileType = file.storyboard; name = Base; path = Base.lproj/Main.storyboard; sourceTree = "<group>"; };
		D43B34E61CF60770006F5B6B /* Assets.xcassets */ = {isa = PBXFileReference; lastKnownFileType = folder.assetcatalog; path = Assets.xcassets; sourceTree = "<group>"; };
		D43B34E91CF60770006F5B6B /* Base */ = {isa = PBXFileReference; lastKnownFileType = file.storyboard; name = Base; path = Base.lproj/LaunchScreen.storyboard; sourceTree = "<group>"; };
		D43B34EB1CF60770006F5B6B /* Info.plist */ = {isa = PBXFileReference; lastKnownFileType = text.plist.xml; path = Info.plist; sourceTree = "<group>"; };
		D43B34F11CF60789006F5B6B /* CoreLocation.framework */ = {isa = PBXFileReference; lastKnownFileType = wrapper.framework; name = CoreLocation.framework; path = System/Library/Frameworks/CoreLocation.framework; sourceTree = SDKROOT; };
		D43B34F31CF6078F006F5B6B /* MapKit.framework */ = {isa = PBXFileReference; lastKnownFileType = wrapper.framework; name = MapKit.framework; path = System/Library/Frameworks/MapKit.framework; sourceTree = SDKROOT; };
		D471AEC21D12FA65007FFB51 /* AdSupport.framework */ = {isa = PBXFileReference; lastKnownFileType = wrapper.framework; name = AdSupport.framework; path = System/Library/Frameworks/AdSupport.framework; sourceTree = SDKROOT; };
		D4891A171D01C5AA00A51925 /* MyTableViewController.h */ = {isa = PBXFileReference; fileEncoding = 4; lastKnownFileType = sourcecode.c.h; path = MyTableViewController.h; sourceTree = "<group>"; };
		D4891A181D01C5AA00A51925 /* MyTableViewController.m */ = {isa = PBXFileReference; fileEncoding = 4; lastKnownFileType = sourcecode.c.objc; path = MyTableViewController.m; sourceTree = "<group>"; };
		D4891A1A1D01C6C100A51925 /* MyTableViewCell.h */ = {isa = PBXFileReference; fileEncoding = 4; lastKnownFileType = sourcecode.c.h; path = MyTableViewCell.h; sourceTree = "<group>"; };
		D4891A1B1D01C6C100A51925 /* MyTableViewCell.m */ = {isa = PBXFileReference; fileEncoding = 4; lastKnownFileType = sourcecode.c.objc; path = MyTableViewCell.m; sourceTree = "<group>"; };
/* End PBXFileReference section */

/* Begin PBXFrameworksBuildPhase section */
		D43B34D41CF60770006F5B6B /* Frameworks */ = {
			isa = PBXFrameworksBuildPhase;
			buildActionMask = 2147483647;
			files = (
				D471AEC31D12FA65007FFB51 /* AdSupport.framework in Frameworks */,
				D426A2E11D08B03F007CF3E0 /* SystemConfiguration.framework in Frameworks */,
				D43B34F41CF6078F006F5B6B /* MapKit.framework in Frameworks */,
				D43B34F21CF60789006F5B6B /* CoreLocation.framework in Frameworks */,
				34B740EC97B6AFEE0ACEB6E2 /* libPods-ParkingOfTaiwan.a in Frameworks */,
			);
			runOnlyForDeploymentPostprocessing = 0;
		};
/* End PBXFrameworksBuildPhase section */

/* Begin PBXGroup section */
		2C94057BB12938FF7D50612E /* Frameworks */ = {
			isa = PBXGroup;
			children = (
				D471AEC21D12FA65007FFB51 /* AdSupport.framework */,
				7ACCEB4823B8D1E4C74D69BB /* libPods-ParkingOfTaiwan.a */,
			);
			name = Frameworks;
			sourceTree = "<group>";
		};
		471E6F83C55F303628A69043 /* Pods */ = {
			isa = PBXGroup;
			children = (
				16E6A3CB02CE8366CB3469C7 /* Pods-ParkingOfTaiwan.debug.xcconfig */,
				C5CA0E2F477B96CEC852D2A0 /* Pods-ParkingOfTaiwan.release.xcconfig */,
			);
			name = Pods;
			sourceTree = "<group>";
		};
		D41D11CF1D13BF50005F33FF /* CellPic */ = {
			isa = PBXGroup;
			children = (
				D41D11B11D13BF45005F33FF /* Background 1.png */,
				D41D11B21D13BF45005F33FF /* Background 2.png */,
				D41D11B31D13BF45005F33FF /* Background 3.png */,
				D41D11B41D13BF45005F33FF /* Background 4.png */,
				D41D11B51D13BF45005F33FF /* Background 5.png */,
				D41D11B61D13BF45005F33FF /* Background 6.png */,
				D41D11B71D13BF45005F33FF /* Background 7.png */,
				D41D11B81D13BF45005F33FF /* Background 8.png */,
				D41D11B91D13BF45005F33FF /* Background 9.png */,
				D41D11BA1D13BF45005F33FF /* Background 10.png */,
				D41D11BB1D13BF45005F33FF /* Background 11.png */,
				D41D11BC1D13BF45005F33FF /* Background 12.png */,
				D41D11BD1D13BF45005F33FF /* Background 13.png */,
				D41D11BE1D13BF45005F33FF /* Background 14.png */,
				D41D11BF1D13BF45005F33FF /* Background 15.png */,
			);
			name = CellPic;
			sourceTree = "<group>";
		};
		D43B34CE1CF60770006F5B6B = {
			isa = PBXGroup;
			children = (
				D426A2E01D08B03F007CF3E0 /* SystemConfiguration.framework */,
				D43B34F31CF6078F006F5B6B /* MapKit.framework */,
				D43B34F11CF60789006F5B6B /* CoreLocation.framework */,
				D43B34D91CF60770006F5B6B /* ParkingOfTaiwan */,
				D43B34D81CF60770006F5B6B /* Products */,
				471E6F83C55F303628A69043 /* Pods */,
				2C94057BB12938FF7D50612E /* Frameworks */,
			);
			sourceTree = "<group>";
		};
		D43B34D81CF60770006F5B6B /* Products */ = {
			isa = PBXGroup;
			children = (
				D43B34D71CF60770006F5B6B /* ParkingOfTaiwan.app */,
			);
			name = Products;
			sourceTree = "<group>";
		};
		D43B34D91CF60770006F5B6B /* ParkingOfTaiwan */ = {
			isa = PBXGroup;
			children = (
				D41D11CF1D13BF50005F33FF /* CellPic */,
				D426A2DD1D08B00C007CF3E0 /* Reachability.h */,
				D426A2DE1D08B00C007CF3E0 /* Reachability.m */,
				D4891A1F1D01DE5E00A51925 /* VC */,
				D4891A201D01DE6700A51925 /* V */,
				D4891A1D1D01DE4700A51925 /* Cell */,
				D4891A1E1D01DE5100A51925 /* MyTBVC */,
				D43B34DA1CF60770006F5B6B /* Supporting Files */,
			);
			path = ParkingOfTaiwan;
			sourceTree = "<group>";
		};
		D43B34DA1CF60770006F5B6B /* Supporting Files */ = {
			isa = PBXGroup;
			children = (
				D43B34E61CF60770006F5B6B /* Assets.xcassets */,
				D43B34EB1CF60770006F5B6B /* Info.plist */,
				D43B34DD1CF60770006F5B6B /* AppDelegate.h */,
				D43B34DE1CF60770006F5B6B /* AppDelegate.m */,
				D43B34DB1CF60770006F5B6B /* main.m */,
			);
			name = "Supporting Files";
			sourceTree = "<group>";
		};
		D4891A1D1D01DE4700A51925 /* Cell */ = {
			isa = PBXGroup;
			children = (
				D4891A1A1D01C6C100A51925 /* MyTableViewCell.h */,
				D4891A1B1D01C6C100A51925 /* MyTableViewCell.m */,
			);
			name = Cell;
			sourceTree = "<group>";
		};
		D4891A1E1D01DE5100A51925 /* MyTBVC */ = {
			isa = PBXGroup;
			children = (
				D4891A171D01C5AA00A51925 /* MyTableViewController.h */,
				D4891A181D01C5AA00A51925 /* MyTableViewController.m */,
			);
			name = MyTBVC;
			sourceTree = "<group>";
		};
		D4891A1F1D01DE5E00A51925 /* VC */ = {
			isa = PBXGroup;
			children = (
				D43B34E01CF60770006F5B6B /* ViewController.h */,
				D43B34E11CF60770006F5B6B /* ViewController.m */,
			);
			name = VC;
			sourceTree = "<group>";
		};
		D4891A201D01DE6700A51925 /* V */ = {
			isa = PBXGroup;
			children = (
				D43B34E31CF60770006F5B6B /* Main.storyboard */,
				D43B34E81CF60770006F5B6B /* LaunchScreen.storyboard */,
			);
			name = V;
			sourceTree = "<group>";
		};
/* End PBXGroup section */

/* Begin PBXNativeTarget section */
		D43B34D61CF60770006F5B6B /* ParkingOfTaiwan */ = {
			isa = PBXNativeTarget;
			buildConfigurationList = D43B34EE1CF60770006F5B6B /* Build configuration list for PBXNativeTarget "ParkingOfTaiwan" */;
			buildPhases = (
				66A053B871A535C136A3F87F /* [CP] Check Pods Manifest.lock */,
				D43B34D31CF60770006F5B6B /* Sources */,
				D43B34D41CF60770006F5B6B /* Frameworks */,
				D43B34D51CF60770006F5B6B /* Resources */,
				23FD0004DDEE40367FDD4CC0 /* [CP] Embed Pods Frameworks */,
				63CBA9D85226A42DAB5689B0 /* [CP] Copy Pods Resources */,
			);
			buildRules = (
			);
			dependencies = (
			);
			name = ParkingOfTaiwan;
			productName = ParkingOfTaiwan;
			productReference = D43B34D71CF60770006F5B6B /* ParkingOfTaiwan.app */;
			productType = "com.apple.product-type.application";
		};
/* End PBXNativeTarget section */

/* Begin PBXProject section */
		D43B34CF1CF60770006F5B6B /* Project object */ = {
			isa = PBXProject;
			attributes = {
				LastUpgradeCheck = 0730;
				ORGANIZATIONNAME = LazyScream;
				TargetAttributes = {
					D43B34D61CF60770006F5B6B = {
						CreatedOnToolsVersion = 7.3.1;
						DevelopmentTeam = 6AZYKL3U8W;
					};
				};
			};
			buildConfigurationList = D43B34D21CF60770006F5B6B /* Build configuration list for PBXProject "ParkingOfTaiwan" */;
			compatibilityVersion = "Xcode 3.2";
			developmentRegion = English;
			hasScannedForEncodings = 0;
			knownRegions = (
				en,
				Base,
			);
			mainGroup = D43B34CE1CF60770006F5B6B;
			productRefGroup = D43B34D81CF60770006F5B6B /* Products */;
			projectDirPath = "";
			projectRoot = "";
			targets = (
				D43B34D61CF60770006F5B6B /* ParkingOfTaiwan */,
			);
		};
/* End PBXProject section */

/* Begin PBXResourcesBuildPhase section */
		D43B34D51CF60770006F5B6B /* Resources */ = {
			isa = PBXResourcesBuildPhase;
			buildActionMask = 2147483647;
			files = (
				D41D11CA1D13BF45005F33FF /* Background 11.png in Resources */,
				D41D11C81D13BF45005F33FF /* Background 9.png in Resources */,
				D41D11C51D13BF45005F33FF /* Background 6.png in Resources */,
				D41D11C41D13BF45005F33FF /* Background 5.png in Resources */,
				D41D11CE1D13BF45005F33FF /* Background 15.png in Resources */,
				D41D11CD1D13BF45005F33FF /* Background 14.png in Resources */,
				D41D11CB1D13BF45005F33FF /* Background 12.png in Resources */,
				D41D11C31D13BF45005F33FF /* Background 4.png in Resources */,
				D41D11C21D13BF45005F33FF /* Background 3.png in Resources */,
				D41D11C71D13BF45005F33FF /* Background 8.png in Resources */,
				D41D11CC1D13BF45005F33FF /* Background 13.png in Resources */,
				D41D11C01D13BF45005F33FF /* Background 1.png in Resources */,
				D43B34EA1CF60770006F5B6B /* LaunchScreen.storyboard in Resources */,
				D41D11C91D13BF45005F33FF /* Background 10.png in Resources */,
				D43B34E71CF60770006F5B6B /* Assets.xcassets in Resources */,
				D41D11C11D13BF45005F33FF /* Background 2.png in Resources */,
				D41D11C61D13BF45005F33FF /* Background 7.png in Resources */,
				D43B34E51CF60770006F5B6B /* Main.storyboard in Resources */,
			);
			runOnlyForDeploymentPostprocessing = 0;
		};
/* End PBXResourcesBuildPhase section */

/* Begin PBXShellScriptBuildPhase section */
		23FD0004DDEE40367FDD4CC0 /* [CP] Embed Pods Frameworks */ = {
			isa = PBXShellScriptBuildPhase;
			buildActionMask = 2147483647;
			files = (
			);
			inputPaths = (
			);
			name = "[CP] Embed Pods Frameworks";
			outputPaths = (
			);
			runOnlyForDeploymentPostprocessing = 0;
			shellPath = /bin/sh;
			shellScript = "\"${SRCROOT}/Pods/Target Support Files/Pods-ParkingOfTaiwan/Pods-ParkingOfTaiwan-frameworks.sh\"\n";
			showEnvVarsInLog = 0;
		};
		63CBA9D85226A42DAB5689B0 /* [CP] Copy Pods Resources */ = {
			isa = PBXShellScriptBuildPhase;
			buildActionMask = 2147483647;
			files = (
			);
			inputPaths = (
			);
			name = "[CP] Copy Pods Resources";
			outputPaths = (
			);
			runOnlyForDeploymentPostprocessing = 0;
			shellPath = /bin/sh;
			shellScript = "\"${SRCROOT}/Pods/Target Support Files/Pods-ParkingOfTaiwan/Pods-ParkingOfTaiwan-resources.sh\"\n";
			showEnvVarsInLog = 0;
		};
		66A053B871A535C136A3F87F /* [CP] Check Pods Manifest.lock */ = {
			isa = PBXShellScriptBuildPhase;
			buildActionMask = 2147483647;
			files = (
			);
			inputPaths = (
			);
			name = "[CP] Check Pods Manifest.lock";
			outputPaths = (
			);
			runOnlyForDeploymentPostprocessing = 0;
			shellPath = /bin/sh;
			shellScript = "diff \"${PODS_ROOT}/../Podfile.lock\" \"${PODS_ROOT}/Manifest.lock\" > /dev/null\nif [[ $? != 0 ]] ; then\n    cat << EOM\nerror: The sandbox is not in sync with the Podfile.lock. Run 'pod install' or update your CocoaPods installation.\nEOM\n    exit 1\nfi\n";
			showEnvVarsInLog = 0;
		};
/* End PBXShellScriptBuildPhase section */

/* Begin PBXSourcesBuildPhase section */
		D43B34D31CF60770006F5B6B /* Sources */ = {
			isa = PBXSourcesBuildPhase;
			buildActionMask = 2147483647;
			files = (
				D43B34E21CF60770006F5B6B /* ViewController.m in Sources */,
				D43B34DF1CF60770006F5B6B /* AppDelegate.m in Sources */,
				D43B34DC1CF60770006F5B6B /* main.m in Sources */,
				D4891A191D01C5AA00A51925 /* MyTableViewController.m in Sources */,
				D426A2DF1D08B00C007CF3E0 /* Reachability.m in Sources */,
				D4891A1C1D01C6C100A51925 /* MyTableViewCell.m in Sources */,
			);
			runOnlyForDeploymentPostprocessing = 0;
		};
/* End PBXSourcesBuildPhase section */

/* Begin PBXVariantGroup section */
		D43B34E31CF60770006F5B6B /* Main.storyboard */ = {
			isa = PBXVariantGroup;
			children = (
				D43B34E41CF60770006F5B6B /* Base */,
			);
			name = Main.storyboard;
			sourceTree = "<group>";
		};
		D43B34E81CF60770006F5B6B /* LaunchScreen.storyboard */ = {
			isa = PBXVariantGroup;
			children = (
				D43B34E91CF60770006F5B6B /* Base */,
			);
			name = LaunchScreen.storyboard;
			sourceTree = "<group>";
		};
/* End PBXVariantGroup section */

/* Begin XCBuildConfiguration section */
		D43B34EC1CF60770006F5B6B /* Debug */ = {
			isa = XCBuildConfiguration;
			buildSettings = {
				ALWAYS_SEARCH_USER_PATHS = NO;
				CLANG_ANALYZER_NONNULL = YES;
				CLANG_CXX_LANGUAGE_STANDARD = "gnu++0x";
				CLANG_CXX_LIBRARY = "libc++";
				CLANG_ENABLE_MODULES = YES;
				CLANG_ENABLE_OBJC_ARC = YES;
				CLANG_WARN_BOOL_CONVERSION = YES;
				CLANG_WARN_CONSTANT_CONVERSION = YES;
				CLANG_WARN_DIRECT_OBJC_ISA_USAGE = YES_ERROR;
				CLANG_WARN_EMPTY_BODY = YES;
				CLANG_WARN_ENUM_CONVERSION = YES;
				CLANG_WARN_INT_CONVERSION = YES;
				CLANG_WARN_OBJC_ROOT_CLASS = YES_ERROR;
				CLANG_WARN_UNREACHABLE_CODE = YES;
				CLANG_WARN__DUPLICATE_METHOD_MATCH = YES;
				"CODE_SIGN_IDENTITY[sdk=iphoneos*]" = "iPhone Developer";
				COPY_PHASE_STRIP = NO;
				DEBUG_INFORMATION_FORMAT = dwarf;
				ENABLE_STRICT_OBJC_MSGSEND = YES;
				ENABLE_TESTABILITY = YES;
				GCC_C_LANGUAGE_STANDARD = gnu99;
				GCC_DYNAMIC_NO_PIC = NO;
				GCC_NO_COMMON_BLOCKS = YES;
				GCC_OPTIMIZATION_LEVEL = 0;
				GCC_PREPROCESSOR_DEFINITIONS = (
					"DEBUG=1",
					"$(inherited)",
				);
				GCC_WARN_64_TO_32_BIT_CONVERSION = YES;
				GCC_WARN_ABOUT_RETURN_TYPE = YES_ERROR;
				GCC_WARN_UNDECLARED_SELECTOR = YES;
				GCC_WARN_UNINITIALIZED_AUTOS = YES_AGGRESSIVE;
				GCC_WARN_UNUSED_FUNCTION = YES;
				GCC_WARN_UNUSED_VARIABLE = YES;
				IPHONEOS_DEPLOYMENT_TARGET = 9.3;
				MTL_ENABLE_DEBUG_INFO = YES;
				ONLY_ACTIVE_ARCH = YES;
				SDKROOT = iphoneos;
				TARGETED_DEVICE_FAMILY = "1,2";
			};
			name = Debug;
		};
		D43B34ED1CF60770006F5B6B /* Release */ = {
			isa = XCBuildConfiguration;
			buildSettings = {
				ALWAYS_SEARCH_USER_PATHS = NO;
				CLANG_ANALYZER_NONNULL = YES;
				CLANG_CXX_LANGUAGE_STANDARD = "gnu++0x";
				CLANG_CXX_LIBRARY = "libc++";
				CLANG_ENABLE_MODULES = YES;
				CLANG_ENABLE_OBJC_ARC = YES;
				CLANG_WARN_BOOL_CONVERSION = YES;
				CLANG_WARN_CONSTANT_CONVERSION = YES;
				CLANG_WARN_DIRECT_OBJC_ISA_USAGE = YES_ERROR;
				CLANG_WARN_EMPTY_BODY = YES;
				CLANG_WARN_ENUM_CONVERSION = YES;
				CLANG_WARN_INT_CONVERSION = YES;
				CLANG_WARN_OBJC_ROOT_CLASS = YES_ERROR;
				CLANG_WARN_UNREACHABLE_CODE = YES;
				CLANG_WARN__DUPLICATE_METHOD_MATCH = YES;
				"CODE_SIGN_IDENTITY[sdk=iphoneos*]" = "iPhone Developer";
				COPY_PHASE_STRIP = NO;
				DEBUG_INFORMATION_FORMAT = "dwarf-with-dsym";
				ENABLE_NS_ASSERTIONS = NO;
				ENABLE_STRICT_OBJC_MSGSEND = YES;
				GCC_C_LANGUAGE_STANDARD = gnu99;
				GCC_NO_COMMON_BLOCKS = YES;
				GCC_WARN_64_TO_32_BIT_CONVERSION = YES;
				GCC_WARN_ABOUT_RETURN_TYPE = YES_ERROR;
				GCC_WARN_UNDECLARED_SELECTOR = YES;
				GCC_WARN_UNINITIALIZED_AUTOS = YES_AGGRESSIVE;
				GCC_WARN_UNUSED_FUNCTION = YES;
				GCC_WARN_UNUSED_VARIABLE = YES;
				IPHONEOS_DEPLOYMENT_TARGET = 9.3;
				MTL_ENABLE_DEBUG_INFO = NO;
				SDKROOT = iphoneos;
				TARGETED_DEVICE_FAMILY = "1,2";
				VALIDATE_PRODUCT = YES;
			};
			name = Release;
		};
		D43B34EF1CF60770006F5B6B /* Debug */ = {
			isa = XCBuildConfiguration;
			baseConfigurationReference = 16E6A3CB02CE8366CB3469C7 /* Pods-ParkingOfTaiwan.debug.xcconfig */;
			buildSettings = {
				ASSETCATALOG_COMPILER_APPICON_NAME = AppIcon;
				CLANG_ENABLE_MODULES = YES;
				CODE_SIGN_IDENTITY = "iPhone Developer";
				"CODE_SIGN_IDENTITY[sdk=iphoneos*]" = "iPhone Developer";
				INFOPLIST_FILE = ParkingOfTaiwan/Info.plist;
				LD_RUNPATH_SEARCH_PATHS = "$(inherited) @executable_path/Frameworks";
				PRODUCT_BUNDLE_IDENTIFIER = LazyScream.MapHomeWork;
				PRODUCT_NAME = "$(TARGET_NAME)";
				PROVISIONING_PROFILE = "";
				SWIFT_OPTIMIZATION_LEVEL = "-Onone";
			};
			name = Debug;
		};
		D43B34F01CF60770006F5B6B /* Release */ = {
			isa = XCBuildConfiguration;
			baseConfigurationReference = C5CA0E2F477B96CEC852D2A0 /* Pods-ParkingOfTaiwan.release.xcconfig */;
			buildSettings = {
				ASSETCATALOG_COMPILER_APPICON_NAME = AppIcon;
				CLANG_ENABLE_MODULES = YES;
				CODE_SIGN_IDENTITY = "iPhone Developer";
				"CODE_SIGN_IDENTITY[sdk=iphoneos*]" = "iPhone Developer";
				INFOPLIST_FILE = ParkingOfTaiwan/Info.plist;
				LD_RUNPATH_SEARCH_PATHS = "$(inherited) @executable_path/Frameworks";
				PRODUCT_BUNDLE_IDENTIFIER = LazyScream.MapHomeWork;
				PRODUCT_NAME = "$(TARGET_NAME)";
				PROVISIONING_PROFILE = "";
			};
			name = Release;
		};
/* End XCBuildConfiguration section */

/* Begin XCConfigurationList section */
		D43B34D21CF60770006F5B6B /* Build configuration list for PBXProject "ParkingOfTaiwan" */ = {
			isa = XCConfigurationList;
			buildConfigurations = (
				D43B34EC1CF60770006F5B6B /* Debug */,
				D43B34ED1CF60770006F5B6B /* Release */,
			);
			defaultConfigurationIsVisible = 0;
			defaultConfigurationName = Release;
		};
		D43B34EE1CF60770006F5B6B /* Build configuration list for PBXNativeTarget "ParkingOfTaiwan" */ = {
			isa = XCConfigurationList;
			buildConfigurations = (
				D43B34EF1CF60770006F5B6B /* Debug */,
				D43B34F01CF60770006F5B6B /* Release */,
			);
			defaultConfigurationIsVisible = 0;
			defaultConfigurationName = Release;
		};
/* End XCConfigurationList section */
	};
	rootObject = D43B34CF1CF60770006F5B6B /* Project object */;
}
