// !$*UTF8*$!
{
	archiveVersion = 1;
	classes = {
	};
	objectVersion = 46;
	objects = {

/* Begin PBXBuildFile section */
		D43B34DC1CF60770006F5B6B /* main.m in Sources */ = {isa = PBXBuildFile; fileRef = D43B34DB1CF60770006F5B6B /* main.m */; };
		D43B34DF1CF60770006F5B6B /* AppDelegate.m in Sources */ = {isa = PBXBuildFile; fileRef = D43B34DE1CF60770006F5B6B /* AppDelegate.m */; };
		D43B34E21CF60770006F5B6B /* ViewController.m in Sources */ = {isa = PBXBuildFile; fileRef = D43B34E11CF60770006F5B6B /* ViewController.m */; };
		D43B34E51CF60770006F5B6B /* Main.storyboard in Resources */ = {isa = PBXBuildFile; fileRef = D43B34E31CF60770006F5B6B /* Main.storyboard */; };
		D43B34E71CF60770006F5B6B /* Assets.xcassets in Resources */ = {isa = PBXBuildFile; fileRef = D43B34E61CF60770006F5B6B /* Assets.xcassets */; };
		D43B34EA1CF60770006F5B6B /* LaunchScreen.storyboard in Resources */ = {isa = PBXBuildFile; fileRef = D43B34E81CF60770006F5B6B /* LaunchScreen.storyboard */; };
/* End PBXBuildFile section */

/* Begin PBXFileReference section */
		D43B34D71CF60770006F5B6B /* ParkingOfTaiwan.app */ = {isa = PBXFileReference; explicitFileType = wrapper.application; includeInIndex = 0; path = ParkingOfTaiwan.app; sourceTree = BUILT_PRODUCTS_DIR; };
		D43B34DB1CF60770006F5B6B /* main.m */ = {isa = PBXFileReference; lastKnownFileType = sourcecode.c.objc; path = main.m; sourceTree = "<group>"; };
		D43B34DD1CF60770006F5B6B /* AppDelegate.h */ = {isa = PBXFileReference; lastKnownFileType = sourcecode.c.h; path = AppDelegate.h; sourceTree = "<group>"; };
		D43B34DE1CF60770006F5B6B /* AppDelegate.m */ = {isa = PBXFileReference; lastKnownFileType = sourcecode.c.objc; path = AppDelegate.m; sourceTree = "<group>"; };
		D43B34E01CF60770006F5B6B /* ViewController.h */ = {isa = PBXFileReference; lastKnownFileType = sourcecode.c.h; path = ViewController.h; sourceTree = "<group>"; };
		D43B34E11CF60770006F5B6B /* ViewController.m */ = {isa = PBXFileReference; lastKnownFileType = sourcecode.c.objc; path = ViewController.m; sourceTree = "<group>"; };
		D43B34E41CF60770006F5B6B /* Base */ = {isa = PBXFileReference; lastKnownFileType = file.storyboard; name = Base; path = Base.lproj/Main.storyboard; sourceTree = "<group>"; };
		D43B34E61CF60770006F5B6B /* Assets.xcassets */ = {isa = PBXFileReference; lastKnownFileType = folder.assetcatalog; path = Assets.xcassets; sourceTree = "<group>"; };
		D43B34E91CF60770006F5B6B /* Base */ = {isa = PBXFileReference; lastKnownFileType = file.storyboard; name = Base; path = Base.lproj/LaunchScreen.storyboard; sourceTree = "<group>"; };
		D43B34EB1CF60770006F5B6B /* Info.plist */ = {isa = PBXFileReference; lastKnownFileType = text.plist.xml; path = Info.plist; sourceTree = "<group>"; };
/* End PBXFileReference section */

/* Begin PBXFrameworksBuildPhase section */
		D43B34D41CF60770006F5B6B /* Frameworks */ = {
			isa = PBXFrameworksBuildPhase;
			buildActionMask = 2147483647;
			files = (
			);
			runOnlyForDeploymentPostprocessing = 0;
		};
/* End PBXFrameworksBuildPhase section */

/* Begin PBXGroup section */
		D43B34CE1CF60770006F5B6B = {
			isa = PBXGroup;
			children = (
				D43B34D91CF60770006F5B6B /* ParkingOfTaiwan */,
				D43B34D81CF60770006F5B6B /* Products */,
			);
			sourceTree = "<group>";
		};
		D43B34D81CF60770006F5B6B /* Products */ = {
			isa = PBXGroup;
			children = (
				D43B34D71CF60770006F5B6B /* ParkingOfTaiwan.app */,
			);
			name = Products;
			sourceTree = "<group>";
		};
		D43B34D91CF60770006F5B6B /* ParkingOfTaiwan */ = {
			isa = PBXGroup;
			children = (
				D43B34DD1CF60770006F5B6B /* AppDelegate.h */,
				D43B34DE1CF60770006F5B6B /* AppDelegate.m */,
				D43B34E01CF60770006F5B6B /* ViewController.h */,
				D43B34E11CF60770006F5B6B /* ViewController.m */,
				D43B34E31CF60770006F5B6B /* Main.storyboard */,
				D43B34E61CF60770006F5B6B /* Assets.xcassets */,
				D43B34E81CF60770006F5B6B /* LaunchScreen.storyboard */,
				D43B34EB1CF60770006F5B6B /* Info.plist */,
				D43B34DA1CF60770006F5B6B /* Supporting Files */,
			);
			path = ParkingOfTaiwan;
			sourceTree = "<group>";
		};
		D43B34DA1CF60770006F5B6B /* Supporting Files */ = {
			isa = PBXGroup;
			children = (
				D43B34DB1CF60770006F5B6B /* main.m */,
			);
			name = "Supporting Files";
			sourceTree = "<group>";
		};
/* End PBXGroup section */

/* Begin PBXNativeTarget section */
		D43B34D61CF60770006F5B6B /* ParkingOfTaiwan */ = {
			isa = PBXNativeTarget;
			buildConfigurationList = D43B34EE1CF60770006F5B6B /* Build configuration list for PBXNativeTarget "ParkingOfTaiwan" */;
			buildPhases = (
				D43B34D31CF60770006F5B6B /* Sources */,
				D43B34D41CF60770006F5B6B /* Frameworks */,
				D43B34D51CF60770006F5B6B /* Resources */,
			);
			buildRules = (
			);
			dependencies = (
			);
			name = ParkingOfTaiwan;
			productName = ParkingOfTaiwan;
			productReference = D43B34D71CF60770006F5B6B /* ParkingOfTaiwan.app */;
			productType = "com.apple.product-type.application";
		};
/* End PBXNativeTarget section */

/* Begin PBXProject section */
		D43B34CF1CF60770006F5B6B /* Project object */ = {
			isa = PBXProject;
			attributes = {
				LastUpgradeCheck = 0730;
				ORGANIZATIONNAME = LazyScream;
				TargetAttributes = {
					D43B34D61CF60770006F5B6B = {
						CreatedOnToolsVersion = 7.3.1;
						DevelopmentTeam = 6AZYKL3U8W;
					};
				};
			};
			buildConfigurationList = D43B34D21CF60770006F5B6B /* Build configuration list for PBXProject "ParkingOfTaiwan" */;
			compatibilityVersion = "Xcode 3.2";
			developmentRegion = English;
			hasScannedForEncodings = 0;
			knownRegions = (
				en,
				Base,
			);
			mainGroup = D43B34CE1CF60770006F5B6B;
			productRefGroup = D43B34D81CF60770006F5B6B /* Products */;
			projectDirPath = "";
			projectRoot = "";
			targets = (
				D43B34D61CF60770006F5B6B /* ParkingOfTaiwan */,
			);
		};
/* End PBXProject section */

/* Begin PBXResourcesBuildPhase section */
		D43B34D51CF60770006F5B6B /* Resources */ = {
			isa = PBXResourcesBuildPhase;
			buildActionMask = 2147483647;
			files = (
				D43B34EA1CF60770006F5B6B /* LaunchScreen.storyboard in Resources */,
				D43B34E71CF60770006F5B6B /* Assets.xcassets in Resources */,
				D43B34E51CF60770006F5B6B /* Main.storyboard in Resources */,
			);
			runOnlyForDeploymentPostprocessing = 0;
		};
/* End PBXResourcesBuildPhase section */

/* Begin PBXSourcesBuildPhase section */
		D43B34D31CF60770006F5B6B /* Sources */ = {
			isa = PBXSourcesBuildPhase;
			buildActionMask = 2147483647;
			files = (
				D43B34E21CF60770006F5B6B /* ViewController.m in Sources */,
				D43B34DF1CF60770006F5B6B /* AppDelegate.m in Sources */,
				D43B34DC1CF60770006F5B6B /* main.m in Sources */,
			);
			runOnlyForDeploymentPostprocessing = 0;
		};
/* End PBXSourcesBuildPhase section */

/* Begin PBXVariantGroup section */
		D43B34E31CF60770006F5B6B /* Main.storyboard */ = {
			isa = PBXVariantGroup;
			children = (
				D43B34E41CF60770006F5B6B /* Base */,
			);
			name = Main.storyboard;
			sourceTree = "<group>";
		};
		D43B34E81CF60770006F5B6B /* LaunchScreen.storyboard */ = {
			isa = PBXVariantGroup;
			children = (
				D43B34E91CF60770006F5B6B /* Base */,
			);
			name = LaunchScreen.storyboard;
			sourceTree = "<group>";
		};
/* End PBXVariantGroup section */

/* Begin XCBuildConfiguration section */
		D43B34EC1CF60770006F5B6B /* Debug */ = {
			isa = XCBuildConfiguration;
			buildSettings = {
				ALWAYS_SEARCH_USER_PATHS = NO;
				CLANG_ANALYZER_NONNULL = YES;
				CLANG_CXX_LANGUAGE_STANDARD = "gnu++0x";
				CLANG_CXX_LIBRARY = "libc++";
				CLANG_ENABLE_MODULES = YES;
				CLANG_ENABLE_OBJC_ARC = YES;
				CLANG_WARN_BOOL_CONVERSION = YES;
				CLANG_WARN_CONSTANT_CONVERSION = YES;
				CLANG_WARN_DIRECT_OBJC_ISA_USAGE = YES_ERROR;
				CLANG_WARN_EMPTY_BODY = YES;
				CLANG_WARN_ENUM_CONVERSION = YES;
				CLANG_WARN_INT_CONVERSION = YES;
				CLANG_WARN_OBJC_ROOT_CLASS = YES_ERROR;
				CLANG_WARN_UNREACHABLE_CODE = YES;
				CLANG_WARN__DUPLICATE_METHOD_MATCH = YES;
				"CODE_SIGN_IDENTITY[sdk=iphoneos*]" = "iPhone Developer";
				COPY_PHASE_STRIP = NO;
				DEBUG_INFORMATION_FORMAT = dwarf;
				ENABLE_STRICT_OBJC_MSGSEND = YES;
				ENABLE_TESTABILITY = YES;
				GCC_C_LANGUAGE_STANDARD = gnu99;
				GCC_DYNAMIC_NO_PIC = NO;
				GCC_NO_COMMON_BLOCKS = YES;
				GCC_OPTIMIZATION_LEVEL = 0;
				GCC_PREPROCESSOR_DEFINITIONS = (
					"DEBUG=1",
					"$(inherited)",
				);
				GCC_WARN_64_TO_32_BIT_CONVERSION = YES;
				GCC_WARN_ABOUT_RETURN_TYPE = YES_ERROR;
				GCC_WARN_UNDECLARED_SELECTOR = YES;
				GCC_WARN_UNINITIALIZED_AUTOS = YES_AGGRESSIVE;
				GCC_WARN_UNUSED_FUNCTION = YES;
				GCC_WARN_UNUSED_VARIABLE = YES;
				IPHONEOS_DEPLOYMENT_TARGET = 9.3;
				MTL_ENABLE_DEBUG_INFO = YES;
				ONLY_ACTIVE_ARCH = YES;
				SDKROOT = iphoneos;
				TARGETED_DEVICE_FAMILY = "1,2";
			};
			name = Debug;
		};
		D43B34ED1CF60770006F5B6B /* Release */ = {
			isa = XCBuildConfiguration;
			buildSettings = {
				ALWAYS_SEARCH_USER_PATHS = NO;
				CLANG_ANALYZER_NONNULL = YES;
				CLANG_CXX_LANGUAGE_STANDARD = "gnu++0x";
				CLANG_CXX_LIBRARY = "libc++";
				CLANG_ENABLE_MODULES = YES;
				CLANG_ENABLE_OBJC_ARC = YES;
				CLANG_WARN_BOOL_CONVERSION = YES;
				CLANG_WARN_CONSTANT_CONVERSION = YES;
				CLANG_WARN_DIRECT_OBJC_ISA_USAGE = YES_ERROR;
				CLANG_WARN_EMPTY_BODY = YES;
				CLANG_WARN_ENUM_CONVERSION = YES;
				CLANG_WARN_INT_CONVERSION = YES;
				CLANG_WARN_OBJC_ROOT_CLASS = YES_ERROR;
				CLANG_WARN_UNREACHABLE_CODE = YES;
				CLANG_WARN__DUPLICATE_METHOD_MATCH = YES;
				"CODE_SIGN_IDENTITY[sdk=iphoneos*]" = "iPhone Developer";
				COPY_PHASE_STRIP = NO;
				DEBUG_INFORMATION_FORMAT = "dwarf-with-dsym";
				ENABLE_NS_ASSERTIONS = NO;
				ENABLE_STRICT_OBJC_MSGSEND = YES;
				GCC_C_LANGUAGE_STANDARD = gnu99;
				GCC_NO_COMMON_BLOCKS = YES;
				GCC_WARN_64_TO_32_BIT_CONVERSION = YES;
				GCC_WARN_ABOUT_RETURN_TYPE = YES_ERROR;
				GCC_WARN_UNDECLARED_SELECTOR = YES;
				GCC_WARN_UNINITIALIZED_AUTOS = YES_AGGRESSIVE;
				GCC_WARN_UNUSED_FUNCTION = YES;
				GCC_WARN_UNUSED_VARIABLE = YES;
				IPHONEOS_DEPLOYMENT_TARGET = 9.3;
				MTL_ENABLE_DEBUG_INFO = NO;
				SDKROOT = iphoneos;
				TARGETED_DEVICE_FAMILY = "1,2";
				VALIDATE_PRODUCT = YES;
			};
			name = Release;
		};
		D43B34EF1CF60770006F5B6B /* Debug */ = {
			isa = XCBuildConfiguration;
			buildSettings = {
				ASSETCATALOG_COMPILER_APPICON_NAME = AppIcon;
				INFOPLIST_FILE = ParkingOfTaiwan/Info.plist;
				LD_RUNPATH_SEARCH_PATHS = "$(inherited) @executable_path/Frameworks";
				PRODUCT_BUNDLE_IDENTIFIER = LazyScream.ParkingOfTaiwan;
				PRODUCT_NAME = "$(TARGET_NAME)";
			};
			name = Debug;
		};
		D43B34F01CF60770006F5B6B /* Release */ = {
			isa = XCBuildConfiguration;
			buildSettings = {
				ASSETCATALOG_COMPILER_APPICON_NAME = AppIcon;
				INFOPLIST_FILE = ParkingOfTaiwan/Info.plist;
				LD_RUNPATH_SEARCH_PATHS = "$(inherited) @executable_path/Frameworks";
				PRODUCT_BUNDLE_IDENTIFIER = LazyScream.ParkingOfTaiwan;
				PRODUCT_NAME = "$(TARGET_NAME)";
			};
			name = Release;
		};
/* End XCBuildConfiguration section */

/* Begin XCConfigurationList section */
		D43B34D21CF60770006F5B6B /* Build configuration list for PBXProject "ParkingOfTaiwan" */ = {
			isa = XCConfigurationList;
			buildConfigurations = (
				D43B34EC1CF60770006F5B6B /* Debug */,
				D43B34ED1CF60770006F5B6B /* Release */,
			);
			defaultConfigurationIsVisible = 0;
			defaultConfigurationName = Release;
		};
		D43B34EE1CF60770006F5B6B /* Build configuration list for PBXNativeTarget "ParkingOfTaiwan" */ = {
			isa = XCConfigurationList;
			buildConfigurations = (
				D43B34EF1CF60770006F5B6B /* Debug */,
				D43B34F01CF60770006F5B6B /* Release */,
			);
			defaultConfigurationIsVisible = 0;
		};
/* End XCConfigurationList section */
	};
	rootObject = D43B34CF1CF60770006F5B6B /* Project object */;
}
